schema: '2.0'
stages:
  data_ingestion:
    cmd: python src/data_ingestion.py
    deps:
    - path: src/data_ingestion.py
      hash: md5
      md5: bdc15f0304f59ce710b4d4dc51345373
      size: 471
    outs:
    - path: data/raw/test.csv
      hash: md5
      md5: 7443713d68c4d3c19499b7eaba1c672d
      size: 508
    - path: data/raw/train.csv
      hash: md5
      md5: e3979e36262893c4bc47f559364f695e
      size: 1866
  feature_engineering:
    cmd: python src/feature_engineering.py
    deps:
    - path: data/raw/test.csv
      hash: md5
      md5: 7443713d68c4d3c19499b7eaba1c672d
      size: 508
    - path: data/raw/train.csv
      hash: md5
      md5: e3979e36262893c4bc47f559364f695e
      size: 1866
    - path: src/feature_engineering.py
      hash: md5
      md5: d1beb2a340ed99d6c1a8d1b30145d6b6
      size: 1409
    params:
      params.yaml:
        feature_engineering.n_components: 3
    outs:
    - path: data/processed/test_processed.csv
      hash: md5
      md5: 6e659fcd60532bae6c02832da3457935
      size: 1249
    - path: data/processed/train_processed.csv
      hash: md5
      md5: 96df857c097c5596d7e3bf2db4d807c8
      size: 4963
  train_model:
    cmd: python src/model_training.py
    deps:
    - path: data/processed/train_processed.csv
      hash: md5
      md5: 96df857c097c5596d7e3bf2db4d807c8
      size: 4963
    - path: src/model_training.py
      hash: md5
      md5: bc44159337af4b1075009835f3065e48
      size: 941
    params:
      params.yaml:
        model_training.bootstrap: false
        model_training.criterion: gini
        model_training.max_depth: 3
        model_training.n_estimators: 16
    outs:
    - path: model.pkl
      hash: md5
      md5: 4c362dae49825dd35ad8aee2b5f79860
      size: 20729
  evaluate_model:
    cmd: python src/model_evaluation.py
    deps:
    - path: data/processed/test_processed.csv
      hash: md5
      md5: 6e659fcd60532bae6c02832da3457935
      size: 1249
    - path: model.pkl
      hash: md5
      md5: 4c362dae49825dd35ad8aee2b5f79860
      size: 20729
    - path: src/model_evaluation.py
      hash: md5
      md5: d0fb0803099c997849b309079e395459
      size: 1394
    params:
      params.yaml:
        feature_engineering.n_components: 3
        model_training.bootstrap: false
        model_training.criterion: gini
        model_training.max_depth: 3
        model_training.n_estimators: 16
    outs:
    - path: metrics.json
      hash: md5
      md5: 366a0f054f3b1695a3b51d1d01e305af
      size: 114
